<?xml version="1.0" encoding="utf-8"?>
<Project ToolsVersion="4.0" xmlns="http://schemas.microsoft.com/developer/msbuild/2003">
  <ItemGroup>
    <Filter Include="Source Files">
      <UniqueIdentifier>{4FC737F1-C7A5-4376-A066-2A32D752A2FF}</UniqueIdentifier>
      <Extensions>cpp;c;cc;cxx;def;odl;idl;hpj;bat;asm;asmx</Extensions>
    </Filter>
    <Filter Include="Header Files">
      <UniqueIdentifier>{93995380-89BD-4b04-88EB-625FBE52EBFB}</UniqueIdentifier>
      <Extensions>h;hpp;hxx;hm;inl;inc;xsd</Extensions>
    </Filter>
    <Filter Include="Resource Files">
      <UniqueIdentifier>{67DA6AB6-F800-4c08-8B7A-83BB121AAD01}</UniqueIdentifier>
      <Extensions>rc;ico;cur;bmp;dlg;rc2;rct;bin;rgs;gif;jpg;jpeg;jpe;resx;tiff;tif;png;wav;mfcribbon-ms</Extensions>
    </Filter>
  </ItemGroup>
  <ItemGroup>
    <ClCompile Include="Main.cpp">
      <Filter>Source Files</Filter>
    </ClCompile>
    <ClCompile Include="Engine.cpp">
      <Filter>Source Files</Filter>
    </ClCompile>
    <ClCompile Include="Renderer.cpp">
      <Filter>Source Files</Filter>
    </ClCompile>
    <ClCompile Include="Splash.cpp">
      <Filter>Source Files</Filter>
    </ClCompile>
    <ClCompile Include="MainMenu.cpp">
      <Filter>Source Files</Filter>
    </ClCompile>
    <ClCompile Include="Texture_Manager.cpp">
      <Filter>Source Files</Filter>
    </ClCompile>
    <ClCompile Include="GameObject.cpp">
      <Filter>Source Files</Filter>
    </ClCompile>
    <ClCompile Include="GameObjManager.cpp">
      <Filter>Source Files</Filter>
    </ClCompile>
    <ClCompile Include="ServiceLocator.cpp">
      <Filter>Source Files</Filter>
    </ClCompile>
    <ClCompile Include="XBOXController.cpp">
      <Filter>Source Files</Filter>
    </ClCompile>
    <ClCompile Include="Paddle.cpp">
      <Filter>Source Files</Filter>
    </ClCompile>
    <ClCompile Include="Ball.cpp">
      <Filter>Source Files</Filter>
    </ClCompile>
    <ClCompile Include="Brick.cpp">
      <Filter>Source Files</Filter>
    </ClCompile>
    <ClCompile Include="SpriteManager.cpp">
      <Filter>Source Files</Filter>
    </ClCompile>
    <ClCompile Include="Ability.cpp">
      <Filter>Source Files</Filter>
    </ClCompile>
    <ClCompile Include="TextManager.cpp">
      <Filter>Source Files</Filter>
    </ClCompile>
    <ClCompile Include="Mana.cpp">
      <Filter>Source Files</Filter>
    </ClCompile>
    <ClCompile Include="Score.cpp">
      <Filter>Source Files</Filter>
    </ClCompile>
    <ClCompile Include="Lives.cpp">
      <Filter>Source Files</Filter>
    </ClCompile>
    <ClCompile Include="DefeatMenu.cpp">
      <Filter>Source Files</Filter>
    </ClCompile>
    <ClCompile Include="SFMLAudio.cpp">
      <Filter>Source Files</Filter>
    </ClCompile>
  </ItemGroup>
  <ItemGroup>
    <ClInclude Include="Engine.h">
      <Filter>Header Files</Filter>
    </ClInclude>
    <ClInclude Include="Renderer.h">
      <Filter>Header Files</Filter>
    </ClInclude>
    <ClInclude Include="Splash.h">
      <Filter>Header Files</Filter>
    </ClInclude>
    <ClInclude Include="Menu_Abstract.h">
      <Filter>Header Files</Filter>
    </ClInclude>
    <ClInclude Include="MainMenu.h">
      <Filter>Header Files</Filter>
    </ClInclude>
    <ClInclude Include="Texture_Manager.h">
      <Filter>Header Files</Filter>
    </ClInclude>
    <ClInclude Include="GameObject.h">
      <Filter>Header Files</Filter>
    </ClInclude>
    <ClInclude Include="GameObjManager.h">
      <Filter>Header Files</Filter>
    </ClInclude>
    <ClInclude Include="AudioProvider.h">
      <Filter>Header Files</Filter>
    </ClInclude>
    <ClInclude Include="ServiceLocator.h">
      <Filter>Header Files</Filter>
    </ClInclude>
    <ClInclude Include="XBOXController.h">
      <Filter>Header Files</Filter>
    </ClInclude>
    <ClInclude Include="Paddle.h">
      <Filter>Header Files</Filter>
    </ClInclude>
    <ClInclude Include="Ball.h">
      <Filter>Header Files</Filter>
    </ClInclude>
    <ClInclude Include="Brick.h">
      <Filter>Header Files</Filter>
    </ClInclude>
    <ClInclude Include="SpriteManager.h">
      <Filter>Header Files</Filter>
    </ClInclude>
    <ClInclude Include="Ability.h">
      <Filter>Header Files</Filter>
    </ClInclude>
    <ClInclude Include="TextManager.h">
      <Filter>Header Files</Filter>
    </ClInclude>
    <ClInclude Include="Mana.h">
      <Filter>Header Files</Filter>
    </ClInclude>
    <ClInclude Include="Score.h">
      <Filter>Header Files</Filter>
    </ClInclude>
    <ClInclude Include="Lives.h">
      <Filter>Header Files</Filter>
    </ClInclude>
    <ClInclude Include="DefeatMenu.h">
      <Filter>Header Files</Filter>
    </ClInclude>
    <ClInclude Include="SFMLAudio.h">
      <Filter>Header Files</Filter>
    </ClInclude>
  </ItemGroup>
</Project>